
Microsoft Visual Studio Solution File, Format Version 12.00
# Visual Studio 15
VisualStudioVersion = 15.0.26124.0
MinimumVisualStudioVersion = 15.0.26124.0
Project("{2150E333-8FDC-42A3-9474-1A3956D46DE8}") = "CollectionsWorkshop", "CollectionsWorkshop", "{EA04339E-7E7E-4D7D-8DF0-496751EAFC9A}"
EndProject
Project("{FAE04EC0-301F-11D3-BF4B-00C04F79EFBC}") = "Collections", "CollectionsRefactoring\Collections\Collections.csproj", "{DFAA7CBC-40A6-4E34-A67B-5717040969D7}"
EndProject
Project("{FAE04EC0-301F-11D3-BF4B-00C04F79EFBC}") = "Collections.Test", "CollectionsRefactoring\Collections.Test\Collections.Test.csproj", "{618E8D72-EAA4-4607-9229-90B421FDAC8C}"
EndProject
Project("{FAE04EC0-301F-11D3-BF4B-00C04F79EFBC}") = "Domain", "CollectionsRefactoring\Domain\Domain.csproj", "{3D2922E2-E951-4738-A33E-2B80F3D5A42B}"
EndProject
Project("{FAE04EC0-301F-11D3-BF4B-00C04F79EFBC}") = "Repository", "CollectionsRefactoring\Repository\Repository.csproj", "{5DA6831F-8E75-41F4-B224-7ED562FAC7CD}"
EndProject
Project("{FAE04EC0-301F-11D3-BF4B-00C04F79EFBC}") = "CollectionInterfaces", "CollectionInterfaces\CollectionInterfaces\CollectionInterfaces.csproj", "{C68A7608-0A42-4A32-8472-EED6C49138DE}"
EndProject
Project("{2150E333-8FDC-42A3-9474-1A3956D46DE8}") = "CollectionInterfacesx", "CollectionInterfaces", "{1DECC8C4-9820-40EE-AEE3-5B51582BE276}"
EndProject
Project("{FAE04EC0-301F-11D3-BF4B-00C04F79EFBC}") = "CollectionInterfaces.Test", "CollectionInterfaces\CollectionInterfaces.Test\CollectionInterfaces.Test.csproj", "{5F7F9F27-71E3-4573-B257-81BFDEAA9DB7}"
EndProject
Project("{2150E333-8FDC-42A3-9474-1A3956D46DE8}") = "CollectionsRefactored", "CollectionsRefactored", "{F8F5AF79-BEC0-4C17-9E48-037ECCE88289}"
EndProject
Project("{FAE04EC0-301F-11D3-BF4B-00C04F79EFBC}") = "Collections", "CollectionsRefactored\Collections\Collections.csproj", "{C07DCEC9-5416-468A-95B1-A6664376F41D}"
EndProject
Project("{FAE04EC0-301F-11D3-BF4B-00C04F79EFBC}") = "Collections.Test", "CollectionsRefactored\Collections.Test\Collections.Test.csproj", "{80AD2224-4CC8-4084-BF76-8DBEFC5206FA}"
EndProject
Project("{2150E333-8FDC-42A3-9474-1A3956D46DE8}") = "CollectionsKeyValue", "CollectionsKeyValue", "{7E0D56B3-405C-4F83-A5E0-7CC06B01E17C}"
EndProject
Project("{FAE04EC0-301F-11D3-BF4B-00C04F79EFBC}") = "CollectionsKeyValue", "CollectionsKeyValue\CollectionsKeyValue\CollectionsKeyValue.csproj", "{DDC7ACED-F2AA-47BB-AF02-D13C13F97220}"
EndProject
Project("{FAE04EC0-301F-11D3-BF4B-00C04F79EFBC}") = "CollectionsKeyValue.Test", "CollectionsKeyValue\CollectionsKeyValue.Test\CollectionsKeyValue.Test.csproj", "{5BA21DF5-2496-48D4-A15D-90F34C6AFFDC}"
EndProject
Project("{FAE04EC0-301F-11D3-BF4B-00C04F79EFBC}") = "Repository", "Repository\Repository.csproj", "{02BA5953-2525-4F49-83A1-1059883475C0}"
EndProject
Global
	GlobalSection(SolutionConfigurationPlatforms) = preSolution
		Debug|Any CPU = Debug|Any CPU
		Debug|x64 = Debug|x64
		Debug|x86 = Debug|x86
		Release|Any CPU = Release|Any CPU
		Release|x64 = Release|x64
		Release|x86 = Release|x86
	EndGlobalSection
	GlobalSection(SolutionProperties) = preSolution
		HideSolutionNode = FALSE
	EndGlobalSection
	GlobalSection(ProjectConfigurationPlatforms) = postSolution
		{DFAA7CBC-40A6-4E34-A67B-5717040969D7}.Debug|Any CPU.ActiveCfg = Debug|Any CPU
		{DFAA7CBC-40A6-4E34-A67B-5717040969D7}.Debug|Any CPU.Build.0 = Debug|Any CPU
		{DFAA7CBC-40A6-4E34-A67B-5717040969D7}.Debug|x64.ActiveCfg = Debug|x64
		{DFAA7CBC-40A6-4E34-A67B-5717040969D7}.Debug|x64.Build.0 = Debug|x64
		{DFAA7CBC-40A6-4E34-A67B-5717040969D7}.Debug|x86.ActiveCfg = Debug|x86
		{DFAA7CBC-40A6-4E34-A67B-5717040969D7}.Debug|x86.Build.0 = Debug|x86
		{DFAA7CBC-40A6-4E34-A67B-5717040969D7}.Release|Any CPU.ActiveCfg = Release|Any CPU
		{DFAA7CBC-40A6-4E34-A67B-5717040969D7}.Release|Any CPU.Build.0 = Release|Any CPU
		{DFAA7CBC-40A6-4E34-A67B-5717040969D7}.Release|x64.ActiveCfg = Release|x64
		{DFAA7CBC-40A6-4E34-A67B-5717040969D7}.Release|x64.Build.0 = Release|x64
		{DFAA7CBC-40A6-4E34-A67B-5717040969D7}.Release|x86.ActiveCfg = Release|x86
		{DFAA7CBC-40A6-4E34-A67B-5717040969D7}.Release|x86.Build.0 = Release|x86
		{618E8D72-EAA4-4607-9229-90B421FDAC8C}.Debug|Any CPU.ActiveCfg = Debug|Any CPU
		{618E8D72-EAA4-4607-9229-90B421FDAC8C}.Debug|Any CPU.Build.0 = Debug|Any CPU
		{618E8D72-EAA4-4607-9229-90B421FDAC8C}.Debug|x64.ActiveCfg = Debug|x64
		{618E8D72-EAA4-4607-9229-90B421FDAC8C}.Debug|x64.Build.0 = Debug|x64
		{618E8D72-EAA4-4607-9229-90B421FDAC8C}.Debug|x86.ActiveCfg = Debug|x86
		{618E8D72-EAA4-4607-9229-90B421FDAC8C}.Debug|x86.Build.0 = Debug|x86
		{618E8D72-EAA4-4607-9229-90B421FDAC8C}.Release|Any CPU.ActiveCfg = Release|Any CPU
		{618E8D72-EAA4-4607-9229-90B421FDAC8C}.Release|Any CPU.Build.0 = Release|Any CPU
		{618E8D72-EAA4-4607-9229-90B421FDAC8C}.Release|x64.ActiveCfg = Release|x64
		{618E8D72-EAA4-4607-9229-90B421FDAC8C}.Release|x64.Build.0 = Release|x64
		{618E8D72-EAA4-4607-9229-90B421FDAC8C}.Release|x86.ActiveCfg = Release|x86
		{618E8D72-EAA4-4607-9229-90B421FDAC8C}.Release|x86.Build.0 = Release|x86
		{3D2922E2-E951-4738-A33E-2B80F3D5A42B}.Debug|Any CPU.ActiveCfg = Debug|Any CPU
		{3D2922E2-E951-4738-A33E-2B80F3D5A42B}.Debug|Any CPU.Build.0 = Debug|Any CPU
		{3D2922E2-E951-4738-A33E-2B80F3D5A42B}.Debug|x64.ActiveCfg = Debug|x64
		{3D2922E2-E951-4738-A33E-2B80F3D5A42B}.Debug|x64.Build.0 = Debug|x64
		{3D2922E2-E951-4738-A33E-2B80F3D5A42B}.Debug|x86.ActiveCfg = Debug|x86
		{3D2922E2-E951-4738-A33E-2B80F3D5A42B}.Debug|x86.Build.0 = Debug|x86
		{3D2922E2-E951-4738-A33E-2B80F3D5A42B}.Release|Any CPU.ActiveCfg = Release|Any CPU
		{3D2922E2-E951-4738-A33E-2B80F3D5A42B}.Release|Any CPU.Build.0 = Release|Any CPU
		{3D2922E2-E951-4738-A33E-2B80F3D5A42B}.Release|x64.ActiveCfg = Release|x64
		{3D2922E2-E951-4738-A33E-2B80F3D5A42B}.Release|x64.Build.0 = Release|x64
		{3D2922E2-E951-4738-A33E-2B80F3D5A42B}.Release|x86.ActiveCfg = Release|x86
		{3D2922E2-E951-4738-A33E-2B80F3D5A42B}.Release|x86.Build.0 = Release|x86
		{5DA6831F-8E75-41F4-B224-7ED562FAC7CD}.Debug|Any CPU.ActiveCfg = Debug|Any CPU
		{5DA6831F-8E75-41F4-B224-7ED562FAC7CD}.Debug|Any CPU.Build.0 = Debug|Any CPU
		{5DA6831F-8E75-41F4-B224-7ED562FAC7CD}.Debug|x64.ActiveCfg = Debug|x64
		{5DA6831F-8E75-41F4-B224-7ED562FAC7CD}.Debug|x64.Build.0 = Debug|x64
		{5DA6831F-8E75-41F4-B224-7ED562FAC7CD}.Debug|x86.ActiveCfg = Debug|x86
		{5DA6831F-8E75-41F4-B224-7ED562FAC7CD}.Debug|x86.Build.0 = Debug|x86
		{5DA6831F-8E75-41F4-B224-7ED562FAC7CD}.Release|Any CPU.ActiveCfg = Release|Any CPU
		{5DA6831F-8E75-41F4-B224-7ED562FAC7CD}.Release|Any CPU.Build.0 = Release|Any CPU
		{5DA6831F-8E75-41F4-B224-7ED562FAC7CD}.Release|x64.ActiveCfg = Release|x64
		{5DA6831F-8E75-41F4-B224-7ED562FAC7CD}.Release|x64.Build.0 = Release|x64
		{5DA6831F-8E75-41F4-B224-7ED562FAC7CD}.Release|x86.ActiveCfg = Release|x86
		{5DA6831F-8E75-41F4-B224-7ED562FAC7CD}.Release|x86.Build.0 = Release|x86
		{C68A7608-0A42-4A32-8472-EED6C49138DE}.Debug|Any CPU.ActiveCfg = Debug|Any CPU
		{C68A7608-0A42-4A32-8472-EED6C49138DE}.Debug|Any CPU.Build.0 = Debug|Any CPU
		{C68A7608-0A42-4A32-8472-EED6C49138DE}.Debug|x64.ActiveCfg = Debug|x64
		{C68A7608-0A42-4A32-8472-EED6C49138DE}.Debug|x64.Build.0 = Debug|x64
		{C68A7608-0A42-4A32-8472-EED6C49138DE}.Debug|x86.ActiveCfg = Debug|x86
		{C68A7608-0A42-4A32-8472-EED6C49138DE}.Debug|x86.Build.0 = Debug|x86
		{C68A7608-0A42-4A32-8472-EED6C49138DE}.Release|Any CPU.ActiveCfg = Release|Any CPU
		{C68A7608-0A42-4A32-8472-EED6C49138DE}.Release|Any CPU.Build.0 = Release|Any CPU
		{C68A7608-0A42-4A32-8472-EED6C49138DE}.Release|x64.ActiveCfg = Release|x64
		{C68A7608-0A42-4A32-8472-EED6C49138DE}.Release|x64.Build.0 = Release|x64
		{C68A7608-0A42-4A32-8472-EED6C49138DE}.Release|x86.ActiveCfg = Release|x86
		{C68A7608-0A42-4A32-8472-EED6C49138DE}.Release|x86.Build.0 = Release|x86
		{5F7F9F27-71E3-4573-B257-81BFDEAA9DB7}.Debug|Any CPU.ActiveCfg = Debug|Any CPU
		{5F7F9F27-71E3-4573-B257-81BFDEAA9DB7}.Debug|Any CPU.Build.0 = Debug|Any CPU
		{5F7F9F27-71E3-4573-B257-81BFDEAA9DB7}.Debug|x64.ActiveCfg = Debug|x64
		{5F7F9F27-71E3-4573-B257-81BFDEAA9DB7}.Debug|x64.Build.0 = Debug|x64
		{5F7F9F27-71E3-4573-B257-81BFDEAA9DB7}.Debug|x86.ActiveCfg = Debug|x86
		{5F7F9F27-71E3-4573-B257-81BFDEAA9DB7}.Debug|x86.Build.0 = Debug|x86
		{5F7F9F27-71E3-4573-B257-81BFDEAA9DB7}.Release|Any CPU.ActiveCfg = Release|Any CPU
		{5F7F9F27-71E3-4573-B257-81BFDEAA9DB7}.Release|Any CPU.Build.0 = Release|Any CPU
		{5F7F9F27-71E3-4573-B257-81BFDEAA9DB7}.Release|x64.ActiveCfg = Release|x64
		{5F7F9F27-71E3-4573-B257-81BFDEAA9DB7}.Release|x64.Build.0 = Release|x64
		{5F7F9F27-71E3-4573-B257-81BFDEAA9DB7}.Release|x86.ActiveCfg = Release|x86
		{5F7F9F27-71E3-4573-B257-81BFDEAA9DB7}.Release|x86.Build.0 = Release|x86
		{C07DCEC9-5416-468A-95B1-A6664376F41D}.Debug|Any CPU.ActiveCfg = Debug|Any CPU
		{C07DCEC9-5416-468A-95B1-A6664376F41D}.Debug|Any CPU.Build.0 = Debug|Any CPU
		{C07DCEC9-5416-468A-95B1-A6664376F41D}.Debug|x64.ActiveCfg = Debug|x64
		{C07DCEC9-5416-468A-95B1-A6664376F41D}.Debug|x64.Build.0 = Debug|x64
		{C07DCEC9-5416-468A-95B1-A6664376F41D}.Debug|x86.ActiveCfg = Debug|x86
		{C07DCEC9-5416-468A-95B1-A6664376F41D}.Debug|x86.Build.0 = Debug|x86
		{C07DCEC9-5416-468A-95B1-A6664376F41D}.Release|Any CPU.ActiveCfg = Release|Any CPU
		{C07DCEC9-5416-468A-95B1-A6664376F41D}.Release|Any CPU.Build.0 = Release|Any CPU
		{C07DCEC9-5416-468A-95B1-A6664376F41D}.Release|x64.ActiveCfg = Release|x64
		{C07DCEC9-5416-468A-95B1-A6664376F41D}.Release|x64.Build.0 = Release|x64
		{C07DCEC9-5416-468A-95B1-A6664376F41D}.Release|x86.ActiveCfg = Release|x86
		{C07DCEC9-5416-468A-95B1-A6664376F41D}.Release|x86.Build.0 = Release|x86
		{80AD2224-4CC8-4084-BF76-8DBEFC5206FA}.Debug|Any CPU.ActiveCfg = Debug|Any CPU
		{80AD2224-4CC8-4084-BF76-8DBEFC5206FA}.Debug|Any CPU.Build.0 = Debug|Any CPU
		{80AD2224-4CC8-4084-BF76-8DBEFC5206FA}.Debug|x64.ActiveCfg = Debug|x64
		{80AD2224-4CC8-4084-BF76-8DBEFC5206FA}.Debug|x64.Build.0 = Debug|x64
		{80AD2224-4CC8-4084-BF76-8DBEFC5206FA}.Debug|x86.ActiveCfg = Debug|x86
		{80AD2224-4CC8-4084-BF76-8DBEFC5206FA}.Debug|x86.Build.0 = Debug|x86
		{80AD2224-4CC8-4084-BF76-8DBEFC5206FA}.Release|Any CPU.ActiveCfg = Release|Any CPU
		{80AD2224-4CC8-4084-BF76-8DBEFC5206FA}.Release|Any CPU.Build.0 = Release|Any CPU
		{80AD2224-4CC8-4084-BF76-8DBEFC5206FA}.Release|x64.ActiveCfg = Release|x64
		{80AD2224-4CC8-4084-BF76-8DBEFC5206FA}.Release|x64.Build.0 = Release|x64
		{80AD2224-4CC8-4084-BF76-8DBEFC5206FA}.Release|x86.ActiveCfg = Release|x86
		{80AD2224-4CC8-4084-BF76-8DBEFC5206FA}.Release|x86.Build.0 = Release|x86
		{DDC7ACED-F2AA-47BB-AF02-D13C13F97220}.Debug|Any CPU.ActiveCfg = Debug|Any CPU
		{DDC7ACED-F2AA-47BB-AF02-D13C13F97220}.Debug|Any CPU.Build.0 = Debug|Any CPU
		{DDC7ACED-F2AA-47BB-AF02-D13C13F97220}.Debug|x64.ActiveCfg = Debug|x64
		{DDC7ACED-F2AA-47BB-AF02-D13C13F97220}.Debug|x64.Build.0 = Debug|x64
		{DDC7ACED-F2AA-47BB-AF02-D13C13F97220}.Debug|x86.ActiveCfg = Debug|x86
		{DDC7ACED-F2AA-47BB-AF02-D13C13F97220}.Debug|x86.Build.0 = Debug|x86
		{DDC7ACED-F2AA-47BB-AF02-D13C13F97220}.Release|Any CPU.ActiveCfg = Release|Any CPU
		{DDC7ACED-F2AA-47BB-AF02-D13C13F97220}.Release|Any CPU.Build.0 = Release|Any CPU
		{DDC7ACED-F2AA-47BB-AF02-D13C13F97220}.Release|x64.ActiveCfg = Release|x64
		{DDC7ACED-F2AA-47BB-AF02-D13C13F97220}.Release|x64.Build.0 = Release|x64
		{DDC7ACED-F2AA-47BB-AF02-D13C13F97220}.Release|x86.ActiveCfg = Release|x86
		{DDC7ACED-F2AA-47BB-AF02-D13C13F97220}.Release|x86.Build.0 = Release|x86
		{5BA21DF5-2496-48D4-A15D-90F34C6AFFDC}.Debug|Any CPU.ActiveCfg = Debug|Any CPU
		{5BA21DF5-2496-48D4-A15D-90F34C6AFFDC}.Debug|Any CPU.Build.0 = Debug|Any CPU
		{5BA21DF5-2496-48D4-A15D-90F34C6AFFDC}.Debug|x64.ActiveCfg = Debug|x64
		{5BA21DF5-2496-48D4-A15D-90F34C6AFFDC}.Debug|x64.Build.0 = Debug|x64
		{5BA21DF5-2496-48D4-A15D-90F34C6AFFDC}.Debug|x86.ActiveCfg = Debug|x86
		{5BA21DF5-2496-48D4-A15D-90F34C6AFFDC}.Debug|x86.Build.0 = Debug|x86
		{5BA21DF5-2496-48D4-A15D-90F34C6AFFDC}.Release|Any CPU.ActiveCfg = Release|Any CPU
		{5BA21DF5-2496-48D4-A15D-90F34C6AFFDC}.Release|Any CPU.Build.0 = Release|Any CPU
		{5BA21DF5-2496-48D4-A15D-90F34C6AFFDC}.Release|x64.ActiveCfg = Release|x64
		{5BA21DF5-2496-48D4-A15D-90F34C6AFFDC}.Release|x64.Build.0 = Release|x64
		{5BA21DF5-2496-48D4-A15D-90F34C6AFFDC}.Release|x86.ActiveCfg = Release|x86
		{5BA21DF5-2496-48D4-A15D-90F34C6AFFDC}.Release|x86.Build.0 = Release|x86
		{02BA5953-2525-4F49-83A1-1059883475C0}.Debug|Any CPU.ActiveCfg = Debug|Any CPU
		{02BA5953-2525-4F49-83A1-1059883475C0}.Debug|Any CPU.Build.0 = Debug|Any CPU
		{02BA5953-2525-4F49-83A1-1059883475C0}.Debug|x64.ActiveCfg = Debug|x64
		{02BA5953-2525-4F49-83A1-1059883475C0}.Debug|x64.Build.0 = Debug|x64
		{02BA5953-2525-4F49-83A1-1059883475C0}.Debug|x86.ActiveCfg = Debug|x86
		{02BA5953-2525-4F49-83A1-1059883475C0}.Debug|x86.Build.0 = Debug|x86
		{02BA5953-2525-4F49-83A1-1059883475C0}.Release|Any CPU.ActiveCfg = Release|Any CPU
		{02BA5953-2525-4F49-83A1-1059883475C0}.Release|Any CPU.Build.0 = Release|Any CPU
		{02BA5953-2525-4F49-83A1-1059883475C0}.Release|x64.ActiveCfg = Release|x64
		{02BA5953-2525-4F49-83A1-1059883475C0}.Release|x64.Build.0 = Release|x64
		{02BA5953-2525-4F49-83A1-1059883475C0}.Release|x86.ActiveCfg = Release|x86
		{02BA5953-2525-4F49-83A1-1059883475C0}.Release|x86.Build.0 = Release|x86
	EndGlobalSection
	GlobalSection(NestedProjects) = preSolution
		{DFAA7CBC-40A6-4E34-A67B-5717040969D7} = {EA04339E-7E7E-4D7D-8DF0-496751EAFC9A}
		{618E8D72-EAA4-4607-9229-90B421FDAC8C} = {EA04339E-7E7E-4D7D-8DF0-496751EAFC9A}
		{3D2922E2-E951-4738-A33E-2B80F3D5A42B} = {EA04339E-7E7E-4D7D-8DF0-496751EAFC9A}
		{5DA6831F-8E75-41F4-B224-7ED562FAC7CD} = {EA04339E-7E7E-4D7D-8DF0-496751EAFC9A}
		{5F7F9F27-71E3-4573-B257-81BFDEAA9DB7} = {1DECC8C4-9820-40EE-AEE3-5B51582BE276}
		{C07DCEC9-5416-468A-95B1-A6664376F41D} = {F8F5AF79-BEC0-4C17-9E48-037ECCE88289}
		{80AD2224-4CC8-4084-BF76-8DBEFC5206FA} = {F8F5AF79-BEC0-4C17-9E48-037ECCE88289}
		{DDC7ACED-F2AA-47BB-AF02-D13C13F97220} = {7E0D56B3-405C-4F83-A5E0-7CC06B01E17C}
		{5BA21DF5-2496-48D4-A15D-90F34C6AFFDC} = {7E0D56B3-405C-4F83-A5E0-7CC06B01E17C}
	EndGlobalSection
EndGlobal
